
Microsoft Visual Studio Solution File, Format Version 12.00
# Visual Studio Version 16
VisualStudioVersion = 16.0.29926.136
MinimumVisualStudioVersion = 10.0.40219.1
Project("{D2ABAB84-BF74-430A-B69E-9DC6D40DDA17}") = "Coffee_OLAP", "MultidimensionalProject6\Coffee_OLAP.dwproj", "{A84F961B-B06D-4777-9457-FB95B4230A70}"
EndProject
Global
	GlobalSection(SolutionConfigurationPlatforms) = preSolution
		Development|Default = Development|Default
	EndGlobalSection
	GlobalSection(ProjectConfigurationPlatforms) = postSolution
		{A84F961B-B06D-4777-9457-FB95B4230A70}.Development|Default.ActiveCfg = Development
		{A84F961B-B06D-4777-9457-FB95B4230A70}.Development|Default.Build.0 = Development
		{A84F961B-B06D-4777-9457-FB95B4230A70}.Development|Default.Deploy.0 = Development
	EndGlobalSection
	GlobalSection(SolutionProperties) = preSolution
		HideSolutionNode = FALSE
	EndGlobalSection
	GlobalSection(ExtensibilityGlobals) = postSolution
		SolutionGuid = {5562B1AE-600E-406A-BFF4-2E4C662B2958}
	EndGlobalSection
EndGlobal
